Microsoft Visual Studio Solution File, Format Version 12.00
# Visual Studio Version 17
VisualStudioVersion = 17.5.2.0
MinimumVisualStudioVersion = 10.0.40219.1
Project("{FAE04EC0-301F-11D3-BF4B-00C04F79EFBC}") = "checkin-project-backend", "checkin-project-backend\checkin-project-backend.csproj", "{B76177D2-7A89-1198-6CCA-5F8CE4F8E1A5}"
EndProject
Global
	GlobalSection(SolutionConfigurationPlatforms) = preSolution
		Debug|Any CPU = Debug|Any CPU
		Release|Any CPU = Release|Any CPU
	EndGlobalSection
	GlobalSection(ProjectConfigurationPlatforms) = postSolution
		{B76177D2-7A89-1198-6CCA-5F8CE4F8E1A5}.Debug|Any CPU.ActiveCfg = Debug|Any CPU
		{B76177D2-7A89-1198-6CCA-5F8CE4F8E1A5}.Debug|Any CPU.Build.0 = Debug|Any CPU
		{B76177D2-7A89-1198-6CCA-5F8CE4F8E1A5}.Release|Any CPU.ActiveCfg = Release|Any CPU
		{B76177D2-7A89-1198-6CCA-5F8CE4F8E1A5}.Release|Any CPU.Build.0 = Release|Any CPU
	EndGlobalSection
	GlobalSection(SolutionProperties) = preSolution
		HideSolutionNode = FALSE
	EndGlobalSection
	GlobalSection(ExtensibilityGlobals) = postSolution
		SolutionGuid = {09F3A9C6-3CC6-4A97-9606-9F1E69C9B562}
	EndGlobalSection
EndGlobal
